
Microsoft Visual Studio Solution File, Format Version 12.00
Project("{FAE04EC0-301F-11D3-BF4B-00C04F79EFBC}") = "BuildThunderstore", "BuildThunderstore\BuildThunderstore.csproj", "{ECB1EC9F-8209-453C-B155-FEFC614CEAC5}"
EndProject
Project("{9A19103F-16F7-4668-BE54-9A1E7A4F7556}") = "LanguageExt.Core", "LanguageExt.Core\LanguageExt.Core.csproj", "{4537B8A8-6CA4-4DCB-B30E-7CADD29A324F}"
EndProject
Project("{9A19103F-16F7-4668-BE54-9A1E7A4F7556}") = "LanguageExt.Rx", "LanguageExt.Rx\LanguageExt.Rx.csproj", "{A191CF80-FC53-4142-9769-CF949F3277B9}"
EndProject
Project("{FAE04EC0-301F-11D3-BF4B-00C04F79EFBC}") = "LanguageExt.Transformers", "LanguageExt.Transformers\LanguageExt.Transformers.csproj", "{108E970C-900C-46C4-BAEB-5F84AFA6842E}"
EndProject
Global
	GlobalSection(SolutionConfigurationPlatforms) = preSolution
		Debug|AnyCPU = Debug|AnyCPU
		Release|AnyCPU = Release|AnyCPU
	EndGlobalSection
	GlobalSection(ProjectConfigurationPlatforms) = postSolution
		{ECB1EC9F-8209-453C-B155-FEFC614CEAC5}.Debug|AnyCPU.ActiveCfg = Debug|AnyCPU
		{ECB1EC9F-8209-453C-B155-FEFC614CEAC5}.Debug|AnyCPU.Build.0 = Debug|AnyCPU
		{ECB1EC9F-8209-453C-B155-FEFC614CEAC5}.Release|AnyCPU.ActiveCfg = Release|AnyCPU
		{ECB1EC9F-8209-453C-B155-FEFC614CEAC5}.Release|AnyCPU.Build.0 = Release|AnyCPU
		{4537B8A8-6CA4-4DCB-B30E-7CADD29A324F}.Debug|AnyCPU.ActiveCfg = Debug|AnyCPU
		{4537B8A8-6CA4-4DCB-B30E-7CADD29A324F}.Debug|AnyCPU.Build.0 = Debug|AnyCPU
		{4537B8A8-6CA4-4DCB-B30E-7CADD29A324F}.Release|AnyCPU.ActiveCfg = Release|AnyCPU
		{4537B8A8-6CA4-4DCB-B30E-7CADD29A324F}.Release|AnyCPU.Build.0 = Release|AnyCPU
		{A191CF80-FC53-4142-9769-CF949F3277B9}.Debug|AnyCPU.ActiveCfg = Debug|AnyCPU
		{A191CF80-FC53-4142-9769-CF949F3277B9}.Debug|AnyCPU.Build.0 = Debug|AnyCPU
		{A191CF80-FC53-4142-9769-CF949F3277B9}.Release|AnyCPU.ActiveCfg = Release|AnyCPU
		{A191CF80-FC53-4142-9769-CF949F3277B9}.Release|AnyCPU.Build.0 = Release|AnyCPU
		{108E970C-900C-46C4-BAEB-5F84AFA6842E}.Debug|AnyCPU.ActiveCfg = Debug|AnyCPU
		{108E970C-900C-46C4-BAEB-5F84AFA6842E}.Debug|AnyCPU.Build.0 = Debug|AnyCPU
		{108E970C-900C-46C4-BAEB-5F84AFA6842E}.Release|AnyCPU.ActiveCfg = Release|AnyCPU
		{108E970C-900C-46C4-BAEB-5F84AFA6842E}.Release|AnyCPU.Build.0 = Release|AnyCPU
	EndGlobalSection
EndGlobal
